
Microsoft Visual Studio Solution File, Format Version 12.00
# Visual Studio Version 17
VisualStudioVersion = 17.14.36717.8 d17.14
MinimumVisualStudioVersion = 10.0.40219.1
Project("{F14B399A-7131-4C87-9E4B-1186C45EF12D}") = "AdeventureWorks_SSRS_Project", "AdeventureWorks_SSRS_Project.rptproj", "{243976E3-518D-F602-CF80-0AB97EE03A2F}"
EndProject
Global
	GlobalSection(SolutionConfigurationPlatforms) = preSolution
		Debug|Default = Debug|Default
		DebugLocal|Default = DebugLocal|Default
		Release|Default = Release|Default
	EndGlobalSection
	GlobalSection(ProjectConfigurationPlatforms) = postSolution
		{243976E3-518D-F602-CF80-0AB97EE03A2F}.Debug|Default.ActiveCfg = Debug
		{243976E3-518D-F602-CF80-0AB97EE03A2F}.Debug|Default.Build.0 = Debug
		{243976E3-518D-F602-CF80-0AB97EE03A2F}.Debug|Default.Deploy.0 = Debug
		{243976E3-518D-F602-CF80-0AB97EE03A2F}.DebugLocal|Default.ActiveCfg = DebugLocal
		{243976E3-518D-F602-CF80-0AB97EE03A2F}.DebugLocal|Default.Build.0 = DebugLocal
		{243976E3-518D-F602-CF80-0AB97EE03A2F}.Release|Default.ActiveCfg = Release
		{243976E3-518D-F602-CF80-0AB97EE03A2F}.Release|Default.Build.0 = Release
		{243976E3-518D-F602-CF80-0AB97EE03A2F}.Release|Default.Deploy.0 = Release
	EndGlobalSection
	GlobalSection(SolutionProperties) = preSolution
		HideSolutionNode = FALSE
	EndGlobalSection
	GlobalSection(ExtensibilityGlobals) = postSolution
		SolutionGuid = {9AD877C1-E3E3-4A17-879D-F3F4721F7693}
	EndGlobalSection
EndGlobal
